
Microsoft Visual Studio Solution File, Format Version 12.00
# Visual Studio Version 17
VisualStudioVersion = 17.5.33516.290
MinimumVisualStudioVersion = 10.0.40219.1
Project("{9A19103F-16F7-4668-BE54-9A1E7A4F7556}") = "Projekt", "Projekt\Projekt.csproj", "{57D9445B-6BE4-4EB5-83D7-BB3F1262558F}"
EndProject
Project("{FAE04EC0-301F-11D3-BF4B-00C04F79EFBC}") = "Projekt_Testy", "Projekt_Testy\Projekt_Testy.csproj", "{9408C49D-725F-4C3A-8F66-50EE0DD1BFB5}"
EndProject
Global
	GlobalSection(SolutionConfigurationPlatforms) = preSolution
		Debug|Any CPU = Debug|Any CPU
		Release|Any CPU = Release|Any CPU
	EndGlobalSection
	GlobalSection(ProjectConfigurationPlatforms) = postSolution
		{57D9445B-6BE4-4EB5-83D7-BB3F1262558F}.Debug|Any CPU.ActiveCfg = Debug|Any CPU
		{57D9445B-6BE4-4EB5-83D7-BB3F1262558F}.Debug|Any CPU.Build.0 = Debug|Any CPU
		{57D9445B-6BE4-4EB5-83D7-BB3F1262558F}.Release|Any CPU.ActiveCfg = Release|Any CPU
		{57D9445B-6BE4-4EB5-83D7-BB3F1262558F}.Release|Any CPU.Build.0 = Release|Any CPU
		{9408C49D-725F-4C3A-8F66-50EE0DD1BFB5}.Debug|Any CPU.ActiveCfg = Debug|Any CPU
		{9408C49D-725F-4C3A-8F66-50EE0DD1BFB5}.Debug|Any CPU.Build.0 = Debug|Any CPU
		{9408C49D-725F-4C3A-8F66-50EE0DD1BFB5}.Release|Any CPU.ActiveCfg = Release|Any CPU
		{9408C49D-725F-4C3A-8F66-50EE0DD1BFB5}.Release|Any CPU.Build.0 = Release|Any CPU
	EndGlobalSection
	GlobalSection(SolutionProperties) = preSolution
		HideSolutionNode = FALSE
	EndGlobalSection
	GlobalSection(ExtensibilityGlobals) = postSolution
		SolutionGuid = {E7A3CB5D-A0B8-4B09-B5C3-F81FC08B0AA9}
	EndGlobalSection
EndGlobal
